
Microsoft Visual Studio Solution File, Format Version 12.00
# Visual Studio Version 16
VisualStudioVersion = 16.0.30523.141
MinimumVisualStudioVersion = 10.0.40219.1
Project("{FAE04EC0-301F-11D3-BF4B-00C04F79EFBC}") = "Ch11Employee_And_ProductionWorker", "Ch11Employee_And_ProductionWorker\Ch11Employee_And_ProductionWorker.csproj", "{76CB8BF7-8D17-4EDF-AB6F-008017DEAD11}"
EndProject
Global
	GlobalSection(SolutionConfigurationPlatforms) = preSolution
		Debug|Any CPU = Debug|Any CPU
		Release|Any CPU = Release|Any CPU
	EndGlobalSection
	GlobalSection(ProjectConfigurationPlatforms) = postSolution
		{76CB8BF7-8D17-4EDF-AB6F-008017DEAD11}.Debug|Any CPU.ActiveCfg = Debug|Any CPU
		{76CB8BF7-8D17-4EDF-AB6F-008017DEAD11}.Debug|Any CPU.Build.0 = Debug|Any CPU
		{76CB8BF7-8D17-4EDF-AB6F-008017DEAD11}.Release|Any CPU.ActiveCfg = Release|Any CPU
		{76CB8BF7-8D17-4EDF-AB6F-008017DEAD11}.Release|Any CPU.Build.0 = Release|Any CPU
	EndGlobalSection
	GlobalSection(SolutionProperties) = preSolution
		HideSolutionNode = FALSE
	EndGlobalSection
	GlobalSection(ExtensibilityGlobals) = postSolution
		SolutionGuid = {E249AAF4-A322-4252-8145-DA849B474596}
	EndGlobalSection
EndGlobal
