
Microsoft Visual Studio Solution File, Format Version 12.00
# Visual Studio Version 16
VisualStudioVersion = 16.0.30413.136
MinimumVisualStudioVersion = 10.0.40219.1
Project("{FAE04EC0-301F-11D3-BF4B-00C04F79EFBC}") = "ch3CalorieCounter", "ch3CalorieCounter\ch3CalorieCounter.csproj", "{53467EC8-8DA7-474C-91A5-3723353A00DA}"
EndProject
Global
	GlobalSection(SolutionConfigurationPlatforms) = preSolution
		Debug|Any CPU = Debug|Any CPU
		Release|Any CPU = Release|Any CPU
	EndGlobalSection
	GlobalSection(ProjectConfigurationPlatforms) = postSolution
		{53467EC8-8DA7-474C-91A5-3723353A00DA}.Debug|Any CPU.ActiveCfg = Debug|Any CPU
		{53467EC8-8DA7-474C-91A5-3723353A00DA}.Debug|Any CPU.Build.0 = Debug|Any CPU
		{53467EC8-8DA7-474C-91A5-3723353A00DA}.Release|Any CPU.ActiveCfg = Release|Any CPU
		{53467EC8-8DA7-474C-91A5-3723353A00DA}.Release|Any CPU.Build.0 = Release|Any CPU
	EndGlobalSection
	GlobalSection(SolutionProperties) = preSolution
		HideSolutionNode = FALSE
	EndGlobalSection
	GlobalSection(ExtensibilityGlobals) = postSolution
		SolutionGuid = {79D5FA89-C9D7-4F6B-B736-A2E944B09B2D}
	EndGlobalSection
EndGlobal
